
Microsoft Visual Studio Solution File, Format Version 12.00
# Visual Studio Version 17
VisualStudioVersion = 17.6.33815.320
MinimumVisualStudioVersion = 10.0.40219.1
Project("{9A19103F-16F7-4668-BE54-9A1E7A4F7556}") = "ProductProject.Application", "ProductProject.Application\ProductProject.Application.csproj", "{113E6A36-3408-4075-AC9C-793419008F16}"
EndProject
Project("{9A19103F-16F7-4668-BE54-9A1E7A4F7556}") = "ProductProject.Domain", "ProductProject.Domain\ProductProject.Domain.csproj", "{28116902-93D0-47C7-93CA-AF82D2B9FAD9}"
EndProject
Project("{9A19103F-16F7-4668-BE54-9A1E7A4F7556}") = "ProductProject.Infrastructure", "ProductProject.Infrastructure\ProductProject.Infrastructure.csproj", "{C28304F1-D888-49A3-ABA5-3DDA357D94A7}"
EndProject
Global
	GlobalSection(SolutionConfigurationPlatforms) = preSolution
		Debug|Any CPU = Debug|Any CPU
		Release|Any CPU = Release|Any CPU
	EndGlobalSection
	GlobalSection(ProjectConfigurationPlatforms) = postSolution
		{113E6A36-3408-4075-AC9C-793419008F16}.Debug|Any CPU.ActiveCfg = Debug|Any CPU
		{113E6A36-3408-4075-AC9C-793419008F16}.Debug|Any CPU.Build.0 = Debug|Any CPU
		{113E6A36-3408-4075-AC9C-793419008F16}.Release|Any CPU.ActiveCfg = Release|Any CPU
		{113E6A36-3408-4075-AC9C-793419008F16}.Release|Any CPU.Build.0 = Release|Any CPU
		{28116902-93D0-47C7-93CA-AF82D2B9FAD9}.Debug|Any CPU.ActiveCfg = Debug|Any CPU
		{28116902-93D0-47C7-93CA-AF82D2B9FAD9}.Debug|Any CPU.Build.0 = Debug|Any CPU
		{28116902-93D0-47C7-93CA-AF82D2B9FAD9}.Release|Any CPU.ActiveCfg = Release|Any CPU
		{28116902-93D0-47C7-93CA-AF82D2B9FAD9}.Release|Any CPU.Build.0 = Release|Any CPU
		{C28304F1-D888-49A3-ABA5-3DDA357D94A7}.Debug|Any CPU.ActiveCfg = Debug|Any CPU
		{C28304F1-D888-49A3-ABA5-3DDA357D94A7}.Debug|Any CPU.Build.0 = Debug|Any CPU
		{C28304F1-D888-49A3-ABA5-3DDA357D94A7}.Release|Any CPU.ActiveCfg = Release|Any CPU
		{C28304F1-D888-49A3-ABA5-3DDA357D94A7}.Release|Any CPU.Build.0 = Release|Any CPU
	EndGlobalSection
	GlobalSection(SolutionProperties) = preSolution
		HideSolutionNode = FALSE
	EndGlobalSection
	GlobalSection(ExtensibilityGlobals) = postSolution
		SolutionGuid = {C7185E5C-0CA3-42A9-81BC-DBFF0E766322}
	EndGlobalSection
EndGlobal
